// !$*UTF8*$!
{
	archiveVersion = 1;
	classes = {
	};
	objectVersion = 46;
	objects = {

/* Begin PBXBuildFile section */
		CC0E2AA11A9D76F00017A9E4 /* main.m in Sources */ = {isa = PBXBuildFile; fileRef = CC0E2AA01A9D76F00017A9E4 /* main.m */; };
		CC0E2AA41A9D76F00017A9E4 /* AppDelegate.m in Sources */ = {isa = PBXBuildFile; fileRef = CC0E2AA31A9D76F00017A9E4 /* AppDelegate.m */; };
		CC0E2AA71A9D76F00017A9E4 /* FirstViewController.m in Sources */ = {isa = PBXBuildFile; fileRef = CC0E2AA61A9D76F00017A9E4 /* FirstViewController.m */; };
		CC0E2AAD1A9D76F00017A9E4 /* Main.storyboard in Resources */ = {isa = PBXBuildFile; fileRef = CC0E2AAB1A9D76F00017A9E4 /* Main.storyboard */; };
		CC0E2AAF1A9D76F00017A9E4 /* Images.xcassets in Resources */ = {isa = PBXBuildFile; fileRef = CC0E2AAE1A9D76F00017A9E4 /* Images.xcassets */; };
		CC0E2AB21A9D76F00017A9E4 /* LaunchScreen.xib in Resources */ = {isa = PBXBuildFile; fileRef = CC0E2AB01A9D76F00017A9E4 /* LaunchScreen.xib */; };
		CC0E2ABE1A9D76F00017A9E4 /* FinalSketchTests.m in Sources */ = {isa = PBXBuildFile; fileRef = CC0E2ABD1A9D76F00017A9E4 /* FinalSketchTests.m */; };
		CC0E2AC81A9D8CE00017A9E4 /* description.rtf in Resources */ = {isa = PBXBuildFile; fileRef = CC0E2AC71A9D8CE00017A9E4 /* description.rtf */; };
		CC13C3D81AAAB1C700D58CAF /* FileSession.m in Sources */ = {isa = PBXBuildFile; fileRef = CC13C3D71AAAB1C700D58CAF /* FileSession.m */; };
		CC13C3DB1AAAB20600D58CAF /* Item.m in Sources */ = {isa = PBXBuildFile; fileRef = CC13C3DA1AAAB20600D58CAF /* Item.m */; };
		CC13C3DE1AAACFDE00D58CAF /* categoryArrayInitializer.m in Sources */ = {isa = PBXBuildFile; fileRef = CC13C3DD1AAACFDE00D58CAF /* categoryArrayInitializer.m */; };
		CC3D75681AA4EAA50082EC70 /* MyLocation.m in Sources */ = {isa = PBXBuildFile; fileRef = CC3D75671AA4EAA50082EC70 /* MyLocation.m */; };
		CC3D756E1AA51EDD0082EC70 /* mapViewController.m in Sources */ = {isa = PBXBuildFile; fileRef = CC3D756D1AA51EDD0082EC70 /* mapViewController.m */; };
		CC45E0031AA1571B00E5B8CA /* itemDetailViewController.m in Sources */ = {isa = PBXBuildFile; fileRef = CC45E0021AA1571B00E5B8CA /* itemDetailViewController.m */; };
		CC51F8B41AA1274E00619BDC /* Accelerate.framework in Frameworks */ = {isa = PBXBuildFile; fileRef = CC51F8B31AA1274E00619BDC /* Accelerate.framework */; };
		CC51F8B61AA1276F00619BDC /* QuartzCore.framework in Frameworks */ = {isa = PBXBuildFile; fileRef = CC51F8B51AA1276F00619BDC /* QuartzCore.framework */; };
		CC51F8BF1AA128E800619BDC /* gear.png in Resources */ = {isa = PBXBuildFile; fileRef = CC51F8B71AA128E800619BDC /* gear.png */; };
		CC51F8C01AA128E800619BDC /* gear@2x.png in Resources */ = {isa = PBXBuildFile; fileRef = CC51F8B81AA128E800619BDC /* gear@2x.png */; };
		CC51F8C11AA128E800619BDC /* globe.png in Resources */ = {isa = PBXBuildFile; fileRef = CC51F8B91AA128E800619BDC /* globe.png */; };
		CC51F8C21AA128E800619BDC /* globe@2x.png in Resources */ = {isa = PBXBuildFile; fileRef = CC51F8BA1AA128E800619BDC /* globe@2x.png */; };
		CC51F8C31AA128E800619BDC /* profile.png in Resources */ = {isa = PBXBuildFile; fileRef = CC51F8BB1AA128E800619BDC /* profile.png */; };
		CC51F8C41AA128E800619BDC /* profile@2x.png in Resources */ = {isa = PBXBuildFile; fileRef = CC51F8BC1AA128E800619BDC /* profile@2x.png */; };
		CC51F8C51AA128E800619BDC /* star.png in Resources */ = {isa = PBXBuildFile; fileRef = CC51F8BD1AA128E800619BDC /* star.png */; };
		CC51F8C61AA128E800619BDC /* star@2x.png in Resources */ = {isa = PBXBuildFile; fileRef = CC51F8BE1AA128E800619BDC /* star@2x.png */; };
		CC51F8D21AA12CA900619BDC /* RNFrostedSidebar.m in Sources */ = {isa = PBXBuildFile; fileRef = CC51F8D11AA12CA900619BDC /* RNFrostedSidebar.m */; };
		CC778B541AA2B958003862F5 /* ItemTableViewCell.m in Sources */ = {isa = PBXBuildFile; fileRef = CC778B531AA2B958003862F5 /* ItemTableViewCell.m */; };
		CCBE44BC1AA37E59006CDF7D /* CoreLocation.framework in Frameworks */ = {isa = PBXBuildFile; fileRef = CCBE44BB1AA37E59006CDF7D /* CoreLocation.framework */; };
		CCC73B551AA0217900BC5C2D /* Chicago.jpg in Resources */ = {isa = PBXBuildFile; fileRef = CCC73B541AA0217900BC5C2D /* Chicago.jpg */; };
		CCD2404A1AA19D1A00577608 /* detailSegue.m in Sources */ = {isa = PBXBuildFile; fileRef = CCD240491AA19D1A00577608 /* detailSegue.m */; };
		CCD6EFB41AA1A8DC00413769 /* addItemViewController.m in Sources */ = {isa = PBXBuildFile; fileRef = CCD6EFB31AA1A8DC00413769 /* addItemViewController.m */; };
		CCD6EFB71AA1A9D900413769 /* addDetailSegue.m in Sources */ = {isa = PBXBuildFile; fileRef = CCD6EFB61AA1A9D900413769 /* addDetailSegue.m */; };
		CCE16C9C1AA3C14F00BBA47F /* left_arrow.png in Resources */ = {isa = PBXBuildFile; fileRef = CCE16C981AA3C14F00BBA47F /* left_arrow.png */; };
		CCE16C9D1AA3C14F00BBA47F /* left_arrow@2x.png in Resources */ = {isa = PBXBuildFile; fileRef = CCE16C991AA3C14F00BBA47F /* left_arrow@2x.png */; };
		CCE16C9E1AA3C14F00BBA47F /* right_arrow.png in Resources */ = {isa = PBXBuildFile; fileRef = CCE16C9A1AA3C14F00BBA47F /* right_arrow.png */; };
		CCE16C9F1AA3C14F00BBA47F /* right_arrow@2x.png in Resources */ = {isa = PBXBuildFile; fileRef = CCE16C9B1AA3C14F00BBA47F /* right_arrow@2x.png */; };
		CCE16CB41AA3C8F300BBA47F /* CKCalendarView.m in Sources */ = {isa = PBXBuildFile; fileRef = CCE16CB31AA3C8F300BBA47F /* CKCalendarView.m */; };
		CCE16CB61AA3CA1000BBA47F /* CoreGraphics.framework in Frameworks */ = {isa = PBXBuildFile; fileRef = CCE16CB51AA3CA1000BBA47F /* CoreGraphics.framework */; };
		CCE16CB81AA3CA8A00BBA47F /* UIKit.framework in Frameworks */ = {isa = PBXBuildFile; fileRef = CCE16CB71AA3CA8A00BBA47F /* UIKit.framework */; };
		CCE31EF91AAB803400777414 /* Dropbox.framework in Frameworks */ = {isa = PBXBuildFile; fileRef = CCE31EF81AAB803400777414 /* Dropbox.framework */; };
		CCE31EFB1AAB806700777414 /* CFNetwork.framework in Frameworks */ = {isa = PBXBuildFile; fileRef = CCE31EFA1AAB806700777414 /* CFNetwork.framework */; };
		CCE31EFD1AAB807500777414 /* Security.framework in Frameworks */ = {isa = PBXBuildFile; fileRef = CCE31EFC1AAB807500777414 /* Security.framework */; };
		CCE31EFF1AAB808400777414 /* SystemConfiguration.framework in Frameworks */ = {isa = PBXBuildFile; fileRef = CCE31EFE1AAB808400777414 /* SystemConfiguration.framework */; };
		CCE31F011AAB80A300777414 /* libc++.dylib in Frameworks */ = {isa = PBXBuildFile; fileRef = CCE31F001AAB80A300777414 /* libc++.dylib */; };
		CCE31F031AAB80AF00777414 /* libz.dylib in Frameworks */ = {isa = PBXBuildFile; fileRef = CCE31F021AAB80AF00777414 /* libz.dylib */; };
		CCE31F071AAB9D1A00777414 /* galleryTableViewController.m in Sources */ = {isa = PBXBuildFile; fileRef = CCE31F061AAB9D1A00777414 /* galleryTableViewController.m */; };
		CCE325341AAC20CE002DBF0E /* Map.m in Sources */ = {isa = PBXBuildFile; fileRef = CCE325331AAC20CE002DBF0E /* Map.m */; };
		CCFEE26B1AA2E773002583E2 /* MapKit.framework in Frameworks */ = {isa = PBXBuildFile; fileRef = CCFEE26A1AA2E773002583E2 /* MapKit.framework */; };
		CCFEE26D1AA2FD05002583E2 /* superstar.png in Resources */ = {isa = PBXBuildFile; fileRef = CCFEE26C1AA2FD05002583E2 /* superstar.png */; };
		CCFEE26F1AA2FE4E002583E2 /* kazuki.png in Resources */ = {isa = PBXBuildFile; fileRef = CCFEE26E1AA2FE4E002583E2 /* kazuki.png */; };
/* End PBXBuildFile section */

/* Begin PBXContainerItemProxy section */
		CC0E2AB81A9D76F00017A9E4 /* PBXContainerItemProxy */ = {
			isa = PBXContainerItemProxy;
			containerPortal = CC0E2A931A9D76F00017A9E4 /* Project object */;
			proxyType = 1;
			remoteGlobalIDString = CC0E2A9A1A9D76F00017A9E4;
			remoteInfo = FinalSketch;
		};
/* End PBXContainerItemProxy section */

/* Begin PBXFileReference section */
		CC0E2A9B1A9D76F00017A9E4 /* FinalSketch.app */ = {isa = PBXFileReference; explicitFileType = wrapper.application; includeInIndex = 0; path = FinalSketch.app; sourceTree = BUILT_PRODUCTS_DIR; };
		CC0E2A9F1A9D76F00017A9E4 /* Info.plist */ = {isa = PBXFileReference; lastKnownFileType = text.plist.xml; path = Info.plist; sourceTree = "<group>"; };
		CC0E2AA01A9D76F00017A9E4 /* main.m */ = {isa = PBXFileReference; lastKnownFileType = sourcecode.c.objc; path = main.m; sourceTree = "<group>"; };
		CC0E2AA21A9D76F00017A9E4 /* AppDelegate.h */ = {isa = PBXFileReference; lastKnownFileType = sourcecode.c.h; path = AppDelegate.h; sourceTree = "<group>"; };
		CC0E2AA31A9D76F00017A9E4 /* AppDelegate.m */ = {isa = PBXFileReference; lastKnownFileType = sourcecode.c.objc; path = AppDelegate.m; sourceTree = "<group>"; };
		CC0E2AA51A9D76F00017A9E4 /* FirstViewController.h */ = {isa = PBXFileReference; lastKnownFileType = sourcecode.c.h; path = FirstViewController.h; sourceTree = "<group>"; };
		CC0E2AA61A9D76F00017A9E4 /* FirstViewController.m */ = {isa = PBXFileReference; lastKnownFileType = sourcecode.c.objc; path = FirstViewController.m; sourceTree = "<group>"; };
		CC0E2AAC1A9D76F00017A9E4 /* Base */ = {isa = PBXFileReference; lastKnownFileType = file.storyboard; name = Base; path = Base.lproj/Main.storyboard; sourceTree = "<group>"; };
		CC0E2AAE1A9D76F00017A9E4 /* Images.xcassets */ = {isa = PBXFileReference; lastKnownFileType = folder.assetcatalog; path = Images.xcassets; sourceTree = "<group>"; };
		CC0E2AB11A9D76F00017A9E4 /* Base */ = {isa = PBXFileReference; lastKnownFileType = file.xib; name = Base; path = Base.lproj/LaunchScreen.xib; sourceTree = "<group>"; };
		CC0E2AB71A9D76F00017A9E4 /* FinalSketchTests.xctest */ = {isa = PBXFileReference; explicitFileType = wrapper.cfbundle; includeInIndex = 0; path = FinalSketchTests.xctest; sourceTree = BUILT_PRODUCTS_DIR; };
		CC0E2ABC1A9D76F00017A9E4 /* Info.plist */ = {isa = PBXFileReference; lastKnownFileType = text.plist.xml; path = Info.plist; sourceTree = "<group>"; };
		CC0E2ABD1A9D76F00017A9E4 /* FinalSketchTests.m */ = {isa = PBXFileReference; lastKnownFileType = sourcecode.c.objc; path = FinalSketchTests.m; sourceTree = "<group>"; };
		CC0E2AC71A9D8CE00017A9E4 /* description.rtf */ = {isa = PBXFileReference; fileEncoding = 4; lastKnownFileType = text.rtf; path = description.rtf; sourceTree = "<group>"; };
		CC13C3D61AAAB1C700D58CAF /* FileSession.h */ = {isa = PBXFileReference; fileEncoding = 4; lastKnownFileType = sourcecode.c.h; path = FileSession.h; sourceTree = "<group>"; };
		CC13C3D71AAAB1C700D58CAF /* FileSession.m */ = {isa = PBXFileReference; fileEncoding = 4; lastKnownFileType = sourcecode.c.objc; path = FileSession.m; sourceTree = "<group>"; };
		CC13C3D91AAAB20600D58CAF /* Item.h */ = {isa = PBXFileReference; fileEncoding = 4; lastKnownFileType = sourcecode.c.h; path = Item.h; sourceTree = "<group>"; };
		CC13C3DA1AAAB20600D58CAF /* Item.m */ = {isa = PBXFileReference; fileEncoding = 4; lastKnownFileType = sourcecode.c.objc; path = Item.m; sourceTree = "<group>"; };
		CC13C3DC1AAACFDE00D58CAF /* categoryArrayInitializer.h */ = {isa = PBXFileReference; fileEncoding = 4; lastKnownFileType = sourcecode.c.h; path = categoryArrayInitializer.h; sourceTree = "<group>"; };
		CC13C3DD1AAACFDE00D58CAF /* categoryArrayInitializer.m */ = {isa = PBXFileReference; fileEncoding = 4; lastKnownFileType = sourcecode.c.objc; path = categoryArrayInitializer.m; sourceTree = "<group>"; };
		CC3D75661AA4EAA50082EC70 /* MyLocation.h */ = {isa = PBXFileReference; fileEncoding = 4; lastKnownFileType = sourcecode.c.h; path = MyLocation.h; sourceTree = "<group>"; };
		CC3D75671AA4EAA50082EC70 /* MyLocation.m */ = {isa = PBXFileReference; fileEncoding = 4; lastKnownFileType = sourcecode.c.objc; path = MyLocation.m; sourceTree = "<group>"; };
		CC3D756C1AA51EDD0082EC70 /* mapViewController.h */ = {isa = PBXFileReference; fileEncoding = 4; lastKnownFileType = sourcecode.c.h; path = mapViewController.h; sourceTree = "<group>"; };
		CC3D756D1AA51EDD0082EC70 /* mapViewController.m */ = {isa = PBXFileReference; fileEncoding = 4; lastKnownFileType = sourcecode.c.objc; path = mapViewController.m; sourceTree = "<group>"; };
		CC45E0011AA1571B00E5B8CA /* itemDetailViewController.h */ = {isa = PBXFileReference; fileEncoding = 4; lastKnownFileType = sourcecode.c.h; path = itemDetailViewController.h; sourceTree = "<group>"; };
		CC45E0021AA1571B00E5B8CA /* itemDetailViewController.m */ = {isa = PBXFileReference; fileEncoding = 4; lastKnownFileType = sourcecode.c.objc; path = itemDetailViewController.m; sourceTree = "<group>"; };
		CC51F8B31AA1274E00619BDC /* Accelerate.framework */ = {isa = PBXFileReference; lastKnownFileType = wrapper.framework; name = Accelerate.framework; path = System/Library/Frameworks/Accelerate.framework; sourceTree = SDKROOT; };
		CC51F8B51AA1276F00619BDC /* QuartzCore.framework */ = {isa = PBXFileReference; lastKnownFileType = wrapper.framework; name = QuartzCore.framework; path = System/Library/Frameworks/QuartzCore.framework; sourceTree = SDKROOT; };
		CC51F8B71AA128E800619BDC /* gear.png */ = {isa = PBXFileReference; lastKnownFileType = image.png; path = gear.png; sourceTree = "<group>"; };
		CC51F8B81AA128E800619BDC /* gear@2x.png */ = {isa = PBXFileReference; lastKnownFileType = image.png; path = "gear@2x.png"; sourceTree = "<group>"; };
		CC51F8B91AA128E800619BDC /* globe.png */ = {isa = PBXFileReference; lastKnownFileType = image.png; path = globe.png; sourceTree = "<group>"; };
		CC51F8BA1AA128E800619BDC /* globe@2x.png */ = {isa = PBXFileReference; lastKnownFileType = image.png; path = "globe@2x.png"; sourceTree = "<group>"; };
		CC51F8BB1AA128E800619BDC /* profile.png */ = {isa = PBXFileReference; lastKnownFileType = image.png; path = profile.png; sourceTree = "<group>"; };
		CC51F8BC1AA128E800619BDC /* profile@2x.png */ = {isa = PBXFileReference; lastKnownFileType = image.png; path = "profile@2x.png"; sourceTree = "<group>"; };
		CC51F8BD1AA128E800619BDC /* star.png */ = {isa = PBXFileReference; lastKnownFileType = image.png; path = star.png; sourceTree = "<group>"; };
		CC51F8BE1AA128E800619BDC /* star@2x.png */ = {isa = PBXFileReference; lastKnownFileType = image.png; path = "star@2x.png"; sourceTree = "<group>"; };
		CC51F8D01AA12CA900619BDC /* RNFrostedSidebar.h */ = {isa = PBXFileReference; fileEncoding = 4; lastKnownFileType = sourcecode.c.h; path = RNFrostedSidebar.h; sourceTree = "<group>"; };
		CC51F8D11AA12CA900619BDC /* RNFrostedSidebar.m */ = {isa = PBXFileReference; fileEncoding = 4; lastKnownFileType = sourcecode.c.objc; path = RNFrostedSidebar.m; sourceTree = "<group>"; };
		CC778B521AA2B958003862F5 /* ItemTableViewCell.h */ = {isa = PBXFileReference; fileEncoding = 4; lastKnownFileType = sourcecode.c.h; path = ItemTableViewCell.h; sourceTree = "<group>"; };
		CC778B531AA2B958003862F5 /* ItemTableViewCell.m */ = {isa = PBXFileReference; fileEncoding = 4; lastKnownFileType = sourcecode.c.objc; path = ItemTableViewCell.m; sourceTree = "<group>"; };
		CCBE44BB1AA37E59006CDF7D /* CoreLocation.framework */ = {isa = PBXFileReference; lastKnownFileType = wrapper.framework; name = CoreLocation.framework; path = System/Library/Frameworks/CoreLocation.framework; sourceTree = SDKROOT; };
		CCC73B541AA0217900BC5C2D /* Chicago.jpg */ = {isa = PBXFileReference; lastKnownFileType = image.jpeg; path = Chicago.jpg; sourceTree = "<group>"; };
		CCD240481AA19D1A00577608 /* detailSegue.h */ = {isa = PBXFileReference; fileEncoding = 4; lastKnownFileType = sourcecode.c.h; name = detailSegue.h; path = ../detailSegue.h; sourceTree = "<group>"; };
		CCD240491AA19D1A00577608 /* detailSegue.m */ = {isa = PBXFileReference; fileEncoding = 4; lastKnownFileType = sourcecode.c.objc; name = detailSegue.m; path = ../detailSegue.m; sourceTree = "<group>"; };
		CCD6EFB21AA1A8DC00413769 /* addItemViewController.h */ = {isa = PBXFileReference; fileEncoding = 4; lastKnownFileType = sourcecode.c.h; path = addItemViewController.h; sourceTree = "<group>"; };
		CCD6EFB31AA1A8DC00413769 /* addItemViewController.m */ = {isa = PBXFileReference; fileEncoding = 4; lastKnownFileType = sourcecode.c.objc; path = addItemViewController.m; sourceTree = "<group>"; };
		CCD6EFB51AA1A9D900413769 /* addDetailSegue.h */ = {isa = PBXFileReference; fileEncoding = 4; lastKnownFileType = sourcecode.c.h; path = addDetailSegue.h; sourceTree = "<group>"; };
		CCD6EFB61AA1A9D900413769 /* addDetailSegue.m */ = {isa = PBXFileReference; fileEncoding = 4; lastKnownFileType = sourcecode.c.objc; path = addDetailSegue.m; sourceTree = "<group>"; };
		CCE16C981AA3C14F00BBA47F /* left_arrow.png */ = {isa = PBXFileReference; lastKnownFileType = image.png; path = left_arrow.png; sourceTree = "<group>"; };
		CCE16C991AA3C14F00BBA47F /* left_arrow@2x.png */ = {isa = PBXFileReference; lastKnownFileType = image.png; path = "left_arrow@2x.png"; sourceTree = "<group>"; };
		CCE16C9A1AA3C14F00BBA47F /* right_arrow.png */ = {isa = PBXFileReference; lastKnownFileType = image.png; path = right_arrow.png; sourceTree = "<group>"; };
		CCE16C9B1AA3C14F00BBA47F /* right_arrow@2x.png */ = {isa = PBXFileReference; lastKnownFileType = image.png; path = "right_arrow@2x.png"; sourceTree = "<group>"; };
		CCE16CB21AA3C8EA00BBA47F /* CKCalendarView.h */ = {isa = PBXFileReference; lastKnownFileType = sourcecode.c.h; path = CKCalendarView.h; sourceTree = "<group>"; };
		CCE16CB31AA3C8F300BBA47F /* CKCalendarView.m */ = {isa = PBXFileReference; fileEncoding = 4; lastKnownFileType = sourcecode.c.objc; path = CKCalendarView.m; sourceTree = "<group>"; };
		CCE16CB51AA3CA1000BBA47F /* CoreGraphics.framework */ = {isa = PBXFileReference; lastKnownFileType = wrapper.framework; name = CoreGraphics.framework; path = System/Library/Frameworks/CoreGraphics.framework; sourceTree = SDKROOT; };
		CCE16CB71AA3CA8A00BBA47F /* UIKit.framework */ = {isa = PBXFileReference; lastKnownFileType = wrapper.framework; name = UIKit.framework; path = System/Library/Frameworks/UIKit.framework; sourceTree = SDKROOT; };
		CCE31EF81AAB803400777414 /* Dropbox.framework */ = {isa = PBXFileReference; lastKnownFileType = wrapper.framework; path = Dropbox.framework; sourceTree = "<group>"; };
		CCE31EFA1AAB806700777414 /* CFNetwork.framework */ = {isa = PBXFileReference; lastKnownFileType = wrapper.framework; name = CFNetwork.framework; path = System/Library/Frameworks/CFNetwork.framework; sourceTree = SDKROOT; };
		CCE31EFC1AAB807500777414 /* Security.framework */ = {isa = PBXFileReference; lastKnownFileType = wrapper.framework; name = Security.framework; path = System/Library/Frameworks/Security.framework; sourceTree = SDKROOT; };
		CCE31EFE1AAB808400777414 /* SystemConfiguration.framework */ = {isa = PBXFileReference; lastKnownFileType = wrapper.framework; name = SystemConfiguration.framework; path = System/Library/Frameworks/SystemConfiguration.framework; sourceTree = SDKROOT; };
		CCE31F001AAB80A300777414 /* libc++.dylib */ = {isa = PBXFileReference; lastKnownFileType = "compiled.mach-o.dylib"; name = "libc++.dylib"; path = "usr/lib/libc++.dylib"; sourceTree = SDKROOT; };
		CCE31F021AAB80AF00777414 /* libz.dylib */ = {isa = PBXFileReference; lastKnownFileType = "compiled.mach-o.dylib"; name = libz.dylib; path = usr/lib/libz.dylib; sourceTree = SDKROOT; };
		CCE31F051AAB9D1A00777414 /* galleryTableViewController.h */ = {isa = PBXFileReference; fileEncoding = 4; lastKnownFileType = sourcecode.c.h; path = galleryTableViewController.h; sourceTree = "<group>"; };
		CCE31F061AAB9D1A00777414 /* galleryTableViewController.m */ = {isa = PBXFileReference; fileEncoding = 4; lastKnownFileType = sourcecode.c.objc; path = galleryTableViewController.m; sourceTree = "<group>"; };
		CCE325321AAC20CE002DBF0E /* Map.h */ = {isa = PBXFileReference; fileEncoding = 4; lastKnownFileType = sourcecode.c.h; path = Map.h; sourceTree = "<group>"; };
		CCE325331AAC20CE002DBF0E /* Map.m */ = {isa = PBXFileReference; fileEncoding = 4; lastKnownFileType = sourcecode.c.objc; path = Map.m; sourceTree = "<group>"; };
		CCFEE26A1AA2E773002583E2 /* MapKit.framework */ = {isa = PBXFileReference; lastKnownFileType = wrapper.framework; name = MapKit.framework; path = System/Library/Frameworks/MapKit.framework; sourceTree = SDKROOT; };
		CCFEE26C1AA2FD05002583E2 /* superstar.png */ = {isa = PBXFileReference; lastKnownFileType = image.png; path = superstar.png; sourceTree = "<group>"; };
		CCFEE26E1AA2FE4E002583E2 /* kazuki.png */ = {isa = PBXFileReference; lastKnownFileType = image.png; path = kazuki.png; sourceTree = "<group>"; };
/* End PBXFileReference section */

/* Begin PBXFrameworksBuildPhase section */
		CC0E2A981A9D76F00017A9E4 /* Frameworks */ = {
			isa = PBXFrameworksBuildPhase;
			buildActionMask = 2147483647;
			files = (
				CCE31F031AAB80AF00777414 /* libz.dylib in Frameworks */,
				CCE31F011AAB80A300777414 /* libc++.dylib in Frameworks */,
				CCE31EFF1AAB808400777414 /* SystemConfiguration.framework in Frameworks */,
				CCE31EFD1AAB807500777414 /* Security.framework in Frameworks */,
				CCE31EFB1AAB806700777414 /* CFNetwork.framework in Frameworks */,
				CCE31EF91AAB803400777414 /* Dropbox.framework in Frameworks */,
				CCE16CB81AA3CA8A00BBA47F /* UIKit.framework in Frameworks */,
				CCE16CB61AA3CA1000BBA47F /* CoreGraphics.framework in Frameworks */,
				CCBE44BC1AA37E59006CDF7D /* CoreLocation.framework in Frameworks */,
				CC51F8B61AA1276F00619BDC /* QuartzCore.framework in Frameworks */,
				CCFEE26B1AA2E773002583E2 /* MapKit.framework in Frameworks */,
				CC51F8B41AA1274E00619BDC /* Accelerate.framework in Frameworks */,
			);
			runOnlyForDeploymentPostprocessing = 0;
		};
		CC0E2AB41A9D76F00017A9E4 /* Frameworks */ = {
			isa = PBXFrameworksBuildPhase;
			buildActionMask = 2147483647;
			files = (
			);
			runOnlyForDeploymentPostprocessing = 0;
		};
/* End PBXFrameworksBuildPhase section */

/* Begin PBXGroup section */
		CC0E2A921A9D76F00017A9E4 = {
			isa = PBXGroup;
			children = (
				CCE31F021AAB80AF00777414 /* libz.dylib */,
				CCE31F001AAB80A300777414 /* libc++.dylib */,
				CCE31EFE1AAB808400777414 /* SystemConfiguration.framework */,
				CCE31EFC1AAB807500777414 /* Security.framework */,
				CCE31EFA1AAB806700777414 /* CFNetwork.framework */,
				CCE16CB71AA3CA8A00BBA47F /* UIKit.framework */,
				CCE16CB51AA3CA1000BBA47F /* CoreGraphics.framework */,
				CCBE44BB1AA37E59006CDF7D /* CoreLocation.framework */,
				CCFEE26A1AA2E773002583E2 /* MapKit.framework */,
				CC51F8B51AA1276F00619BDC /* QuartzCore.framework */,
				CC51F8B31AA1274E00619BDC /* Accelerate.framework */,
				CC0E2AC71A9D8CE00017A9E4 /* description.rtf */,
				CCE31EF81AAB803400777414 /* Dropbox.framework */,
				CC0E2A9D1A9D76F00017A9E4 /* FinalSketch */,
				CC0E2ABA1A9D76F00017A9E4 /* FinalSketchTests */,
				CC0E2A9C1A9D76F00017A9E4 /* Products */,
			);
			sourceTree = "<group>";
		};
		CC0E2A9C1A9D76F00017A9E4 /* Products */ = {
			isa = PBXGroup;
			children = (
				CC0E2A9B1A9D76F00017A9E4 /* FinalSketch.app */,
				CC0E2AB71A9D76F00017A9E4 /* FinalSketchTests.xctest */,
			);
			name = Products;
			sourceTree = "<group>";
		};
		CC0E2A9D1A9D76F00017A9E4 /* FinalSketch */ = {
			isa = PBXGroup;
			children = (
				CCE31F041AAB9CF300777414 /* gallery */,
				CCE325321AAC20CE002DBF0E /* Map.h */,
				CCE325331AAC20CE002DBF0E /* Map.m */,
				CC13C3D91AAAB20600D58CAF /* Item.h */,
				CC13C3DA1AAAB20600D58CAF /* Item.m */,
				CC13C3D61AAAB1C700D58CAF /* FileSession.h */,
				CC13C3D71AAAB1C700D58CAF /* FileSession.m */,
				CC3D756B1AA5151A0082EC70 /* addItemView */,
				CC3D756A1AA5150C0082EC70 /* detailDisplayView */,
				CCD6EFB81AA1AA6200413769 /* customSegue */,
				CC3D75691AA4F8570082EC70 /* Location */,
				CCE16CB11AA3C89700BBA47F /* calendar */,
				CC778B511AA2B930003862F5 /* MainPage */,
				CCD240471AA199F400577608 /* SideBar */,
				CC0E2AAB1A9D76F00017A9E4 /* Main.storyboard */,
				CC0E2AAE1A9D76F00017A9E4 /* Images.xcassets */,
				CC0E2AB01A9D76F00017A9E4 /* LaunchScreen.xib */,
				CCE16C971AA3C14F00BBA47F /* resources */,
				CC0E2A9E1A9D76F00017A9E4 /* Supporting Files */,
			);
			path = FinalSketch;
			sourceTree = "<group>";
		};
		CC0E2A9E1A9D76F00017A9E4 /* Supporting Files */ = {
			isa = PBXGroup;
			children = (
				CCFEE26E1AA2FE4E002583E2 /* kazuki.png */,
				CCFEE26C1AA2FD05002583E2 /* superstar.png */,
				CCC73B541AA0217900BC5C2D /* Chicago.jpg */,
				CC51F8B71AA128E800619BDC /* gear.png */,
				CC51F8B81AA128E800619BDC /* gear@2x.png */,
				CC51F8B91AA128E800619BDC /* globe.png */,
				CC51F8BA1AA128E800619BDC /* globe@2x.png */,
				CC51F8BB1AA128E800619BDC /* profile.png */,
				CC51F8BC1AA128E800619BDC /* profile@2x.png */,
				CC51F8BD1AA128E800619BDC /* star.png */,
				CC51F8BE1AA128E800619BDC /* star@2x.png */,
				CC0E2AA21A9D76F00017A9E4 /* AppDelegate.h */,
				CC0E2AA31A9D76F00017A9E4 /* AppDelegate.m */,
				CC0E2A9F1A9D76F00017A9E4 /* Info.plist */,
				CC0E2AA01A9D76F00017A9E4 /* main.m */,
			);
			name = "Supporting Files";
			sourceTree = "<group>";
		};
		CC0E2ABA1A9D76F00017A9E4 /* FinalSketchTests */ = {
			isa = PBXGroup;
			children = (
				CC0E2ABD1A9D76F00017A9E4 /* FinalSketchTests.m */,
				CC0E2ABB1A9D76F00017A9E4 /* Supporting Files */,
			);
			path = FinalSketchTests;
			sourceTree = "<group>";
		};
		CC0E2ABB1A9D76F00017A9E4 /* Supporting Files */ = {
			isa = PBXGroup;
			children = (
				CC0E2ABC1A9D76F00017A9E4 /* Info.plist */,
			);
			name = "Supporting Files";
			sourceTree = "<group>";
		};
		CC3D75691AA4F8570082EC70 /* Location */ = {
			isa = PBXGroup;
			children = (
				CC3D75661AA4EAA50082EC70 /* MyLocation.h */,
				CC3D75671AA4EAA50082EC70 /* MyLocation.m */,
			);
			name = Location;
			sourceTree = "<group>";
		};
		CC3D756A1AA5150C0082EC70 /* detailDisplayView */ = {
			isa = PBXGroup;
			children = (
				CC45E0011AA1571B00E5B8CA /* itemDetailViewController.h */,
				CC45E0021AA1571B00E5B8CA /* itemDetailViewController.m */,
			);
			name = detailDisplayView;
			sourceTree = "<group>";
		};
		CC3D756B1AA5151A0082EC70 /* addItemView */ = {
			isa = PBXGroup;
			children = (
				CC13C3DC1AAACFDE00D58CAF /* categoryArrayInitializer.h */,
				CC13C3DD1AAACFDE00D58CAF /* categoryArrayInitializer.m */,
				CCD6EFB21AA1A8DC00413769 /* addItemViewController.h */,
				CCD6EFB31AA1A8DC00413769 /* addItemViewController.m */,
				CC3D756C1AA51EDD0082EC70 /* mapViewController.h */,
				CC3D756D1AA51EDD0082EC70 /* mapViewController.m */,
			);
			name = addItemView;
			sourceTree = "<group>";
		};
		CC778B511AA2B930003862F5 /* MainPage */ = {
			isa = PBXGroup;
			children = (
				CC0E2AA51A9D76F00017A9E4 /* FirstViewController.h */,
				CC0E2AA61A9D76F00017A9E4 /* FirstViewController.m */,
				CC778B521AA2B958003862F5 /* ItemTableViewCell.h */,
				CC778B531AA2B958003862F5 /* ItemTableViewCell.m */,
			);
			name = MainPage;
			sourceTree = "<group>";
		};
		CCD240471AA199F400577608 /* SideBar */ = {
			isa = PBXGroup;
			children = (
				CC51F8D01AA12CA900619BDC /* RNFrostedSidebar.h */,
				CC51F8D11AA12CA900619BDC /* RNFrostedSidebar.m */,
			);
			name = SideBar;
			sourceTree = "<group>";
		};
		CCD6EFB81AA1AA6200413769 /* customSegue */ = {
			isa = PBXGroup;
			children = (
				CCD240481AA19D1A00577608 /* detailSegue.h */,
				CCD240491AA19D1A00577608 /* detailSegue.m */,
				CCD6EFB51AA1A9D900413769 /* addDetailSegue.h */,
				CCD6EFB61AA1A9D900413769 /* addDetailSegue.m */,
			);
			name = customSegue;
			sourceTree = "<group>";
		};
		CCE16C971AA3C14F00BBA47F /* resources */ = {
			isa = PBXGroup;
			children = (
				CCE16C981AA3C14F00BBA47F /* left_arrow.png */,
				CCE16C991AA3C14F00BBA47F /* left_arrow@2x.png */,
				CCE16C9A1AA3C14F00BBA47F /* right_arrow.png */,
				CCE16C9B1AA3C14F00BBA47F /* right_arrow@2x.png */,
			);
			path = resources;
			sourceTree = "<group>";
		};
		CCE16CB11AA3C89700BBA47F /* calendar */ = {
			isa = PBXGroup;
			children = (
				CCE16CB31AA3C8F300BBA47F /* CKCalendarView.m */,
				CCE16CB21AA3C8EA00BBA47F /* CKCalendarView.h */,
			);
			name = calendar;
			sourceTree = "<group>";
		};
		CCE31F041AAB9CF300777414 /* gallery */ = {
			isa = PBXGroup;
			children = (
				CCE31F051AAB9D1A00777414 /* galleryTableViewController.h */,
				CCE31F061AAB9D1A00777414 /* galleryTableViewController.m */,
			);
			name = gallery;
			sourceTree = "<group>";
		};
/* End PBXGroup section */

/* Begin PBXNativeTarget section */
		CC0E2A9A1A9D76F00017A9E4 /* FinalSketch */ = {
			isa = PBXNativeTarget;
			buildConfigurationList = CC0E2AC11A9D76F00017A9E4 /* Build configuration list for PBXNativeTarget "FinalSketch" */;
			buildPhases = (
				CC0E2A971A9D76F00017A9E4 /* Sources */,
				CC0E2A981A9D76F00017A9E4 /* Frameworks */,
				CC0E2A991A9D76F00017A9E4 /* Resources */,
			);
			buildRules = (
			);
			dependencies = (
			);
			name = FinalSketch;
			productName = FinalSketch;
			productReference = CC0E2A9B1A9D76F00017A9E4 /* FinalSketch.app */;
			productType = "com.apple.product-type.application";
		};
		CC0E2AB61A9D76F00017A9E4 /* FinalSketchTests */ = {
			isa = PBXNativeTarget;
			buildConfigurationList = CC0E2AC41A9D76F00017A9E4 /* Build configuration list for PBXNativeTarget "FinalSketchTests" */;
			buildPhases = (
				CC0E2AB31A9D76F00017A9E4 /* Sources */,
				CC0E2AB41A9D76F00017A9E4 /* Frameworks */,
				CC0E2AB51A9D76F00017A9E4 /* Resources */,
			);
			buildRules = (
			);
			dependencies = (
				CC0E2AB91A9D76F00017A9E4 /* PBXTargetDependency */,
			);
			name = FinalSketchTests;
			productName = FinalSketchTests;
			productReference = CC0E2AB71A9D76F00017A9E4 /* FinalSketchTests.xctest */;
			productType = "com.apple.product-type.bundle.unit-test";
		};
/* End PBXNativeTarget section */

/* Begin PBXProject section */
		CC0E2A931A9D76F00017A9E4 /* Project object */ = {
			isa = PBXProject;
			attributes = {
				LastUpgradeCheck = 0610;
				ORGANIZATIONNAME = xiaoyifan;
				TargetAttributes = {
					CC0E2A9A1A9D76F00017A9E4 = {
						CreatedOnToolsVersion = 6.1.1;
						SystemCapabilities = {
							com.apple.BackgroundModes = {
								enabled = 1;
							};
							com.apple.Maps.iOS = {
								enabled = 1;
							};
						};
					};
					CC0E2AB61A9D76F00017A9E4 = {
						CreatedOnToolsVersion = 6.1.1;
						TestTargetID = CC0E2A9A1A9D76F00017A9E4;
					};
				};
			};
			buildConfigurationList = CC0E2A961A9D76F00017A9E4 /* Build configuration list for PBXProject "FinalSketch" */;
			compatibilityVersion = "Xcode 3.2";
			developmentRegion = English;
			hasScannedForEncodings = 0;
			knownRegions = (
				en,
				Base,
			);
			mainGroup = CC0E2A921A9D76F00017A9E4;
			productRefGroup = CC0E2A9C1A9D76F00017A9E4 /* Products */;
			projectDirPath = "";
			projectRoot = "";
			targets = (
				CC0E2A9A1A9D76F00017A9E4 /* FinalSketch */,
				CC0E2AB61A9D76F00017A9E4 /* FinalSketchTests */,
			);
		};
/* End PBXProject section */

/* Begin PBXResourcesBuildPhase section */
		CC0E2A991A9D76F00017A9E4 /* Resources */ = {
			isa = PBXResourcesBuildPhase;
			buildActionMask = 2147483647;
			files = (
				CCC73B551AA0217900BC5C2D /* Chicago.jpg in Resources */,
				CC51F8C01AA128E800619BDC /* gear@2x.png in Resources */,
				CCE16C9E1AA3C14F00BBA47F /* right_arrow.png in Resources */,
				CC0E2AAD1A9D76F00017A9E4 /* Main.storyboard in Resources */,
				CC51F8C31AA128E800619BDC /* profile.png in Resources */,
				CC51F8BF1AA128E800619BDC /* gear.png in Resources */,
				CC51F8C51AA128E800619BDC /* star.png in Resources */,
				CCE16C9C1AA3C14F00BBA47F /* left_arrow.png in Resources */,
				CCFEE26F1AA2FE4E002583E2 /* kazuki.png in Resources */,
				CCE16C9D1AA3C14F00BBA47F /* left_arrow@2x.png in Resources */,
				CC51F8C41AA128E800619BDC /* profile@2x.png in Resources */,
				CC0E2AC81A9D8CE00017A9E4 /* description.rtf in Resources */,
				CCE16C9F1AA3C14F00BBA47F /* right_arrow@2x.png in Resources */,
				CC51F8C61AA128E800619BDC /* star@2x.png in Resources */,
				CCFEE26D1AA2FD05002583E2 /* superstar.png in Resources */,
				CC51F8C11AA128E800619BDC /* globe.png in Resources */,
				CC51F8C21AA128E800619BDC /* globe@2x.png in Resources */,
				CC0E2AB21A9D76F00017A9E4 /* LaunchScreen.xib in Resources */,
				CC0E2AAF1A9D76F00017A9E4 /* Images.xcassets in Resources */,
			);
			runOnlyForDeploymentPostprocessing = 0;
		};
		CC0E2AB51A9D76F00017A9E4 /* Resources */ = {
			isa = PBXResourcesBuildPhase;
			buildActionMask = 2147483647;
			files = (
			);
			runOnlyForDeploymentPostprocessing = 0;
		};
/* End PBXResourcesBuildPhase section */

/* Begin PBXSourcesBuildPhase section */
		CC0E2A971A9D76F00017A9E4 /* Sources */ = {
			isa = PBXSourcesBuildPhase;
			buildActionMask = 2147483647;
			files = (
				CCE16CB41AA3C8F300BBA47F /* CKCalendarView.m in Sources */,
				CC778B541AA2B958003862F5 /* ItemTableViewCell.m in Sources */,
				CCD6EFB71AA1A9D900413769 /* addDetailSegue.m in Sources */,
				CC13C3D81AAAB1C700D58CAF /* FileSession.m in Sources */,
				CCD6EFB41AA1A8DC00413769 /* addItemViewController.m in Sources */,
				CC3D75681AA4EAA50082EC70 /* MyLocation.m in Sources */,
				CC45E0031AA1571B00E5B8CA /* itemDetailViewController.m in Sources */,
				CC13C3DB1AAAB20600D58CAF /* Item.m in Sources */,
				CC51F8D21AA12CA900619BDC /* RNFrostedSidebar.m in Sources */,
				CC13C3DE1AAACFDE00D58CAF /* categoryArrayInitializer.m in Sources */,
				CC3D756E1AA51EDD0082EC70 /* mapViewController.m in Sources */,
				CC0E2AA41A9D76F00017A9E4 /* AppDelegate.m in Sources */,
				CC0E2AA71A9D76F00017A9E4 /* FirstViewController.m in Sources */,
				CCD2404A1AA19D1A00577608 /* detailSegue.m in Sources */,
				CCE31F071AAB9D1A00777414 /* galleryTableViewController.m in Sources */,
				CCE325341AAC20CE002DBF0E /* Map.m in Sources */,
				CC0E2AA11A9D76F00017A9E4 /* main.m in Sources */,
			);
			runOnlyForDeploymentPostprocessing = 0;
		};
		CC0E2AB31A9D76F00017A9E4 /* Sources */ = {
			isa = PBXSourcesBuildPhase;
			buildActionMask = 2147483647;
			files = (
				CC0E2ABE1A9D76F00017A9E4 /* FinalSketchTests.m in Sources */,
			);
			runOnlyForDeploymentPostprocessing = 0;
		};
/* End PBXSourcesBuildPhase section */

/* Begin PBXTargetDependency section */
		CC0E2AB91A9D76F00017A9E4 /* PBXTargetDependency */ = {
			isa = PBXTargetDependency;
			target = CC0E2A9A1A9D76F00017A9E4 /* FinalSketch */;
			targetProxy = CC0E2AB81A9D76F00017A9E4 /* PBXContainerItemProxy */;
		};
/* End PBXTargetDependency section */

/* Begin PBXVariantGroup section */
		CC0E2AAB1A9D76F00017A9E4 /* Main.storyboard */ = {
			isa = PBXVariantGroup;
			children = (
				CC0E2AAC1A9D76F00017A9E4 /* Base */,
			);
			name = Main.storyboard;
			sourceTree = "<group>";
		};
		CC0E2AB01A9D76F00017A9E4 /* LaunchScreen.xib */ = {
			isa = PBXVariantGroup;
			children = (
				CC0E2AB11A9D76F00017A9E4 /* Base */,
			);
			name = LaunchScreen.xib;
			sourceTree = "<group>";
		};
/* End PBXVariantGroup section */

/* Begin XCBuildConfiguration section */
		CC0E2ABF1A9D76F00017A9E4 /* Debug */ = {
			isa = XCBuildConfiguration;
			buildSettings = {
				ALWAYS_SEARCH_USER_PATHS = NO;
				CLANG_CXX_LANGUAGE_STANDARD = "gnu++0x";
				CLANG_CXX_LIBRARY = "libc++";
				CLANG_ENABLE_MODULES = YES;
				CLANG_ENABLE_OBJC_ARC = YES;
				CLANG_WARN_BOOL_CONVERSION = YES;
				CLANG_WARN_CONSTANT_CONVERSION = YES;
				CLANG_WARN_DIRECT_OBJC_ISA_USAGE = YES_ERROR;
				CLANG_WARN_EMPTY_BODY = YES;
				CLANG_WARN_ENUM_CONVERSION = YES;
				CLANG_WARN_INT_CONVERSION = YES;
				CLANG_WARN_OBJC_ROOT_CLASS = YES_ERROR;
				CLANG_WARN_UNREACHABLE_CODE = YES;
				CLANG_WARN__DUPLICATE_METHOD_MATCH = YES;
				"CODE_SIGN_IDENTITY[sdk=iphoneos*]" = "iPhone Developer";
				COPY_PHASE_STRIP = NO;
				ENABLE_STRICT_OBJC_MSGSEND = YES;
				GCC_C_LANGUAGE_STANDARD = gnu99;
				GCC_DYNAMIC_NO_PIC = NO;
				GCC_OPTIMIZATION_LEVEL = 0;
				GCC_PREPROCESSOR_DEFINITIONS = (
					"DEBUG=1",
					"$(inherited)",
				);
				GCC_SYMBOLS_PRIVATE_EXTERN = NO;
				GCC_WARN_64_TO_32_BIT_CONVERSION = YES;
				GCC_WARN_ABOUT_RETURN_TYPE = YES_ERROR;
				GCC_WARN_UNDECLARED_SELECTOR = YES;
				GCC_WARN_UNINITIALIZED_AUTOS = YES_AGGRESSIVE;
				GCC_WARN_UNUSED_FUNCTION = YES;
				GCC_WARN_UNUSED_VARIABLE = YES;
				IPHONEOS_DEPLOYMENT_TARGET = 8.1;
				MTL_ENABLE_DEBUG_INFO = YES;
				ONLY_ACTIVE_ARCH = YES;
				SDKROOT = iphoneos;
				TARGETED_DEVICE_FAMILY = "1,2";
			};
			name = Debug;
		};
		CC0E2AC01A9D76F00017A9E4 /* Release */ = {
			isa = XCBuildConfiguration;
			buildSettings = {
				ALWAYS_SEARCH_USER_PATHS = NO;
				CLANG_CXX_LANGUAGE_STANDARD = "gnu++0x";
				CLANG_CXX_LIBRARY = "libc++";
				CLANG_ENABLE_MODULES = YES;
				CLANG_ENABLE_OBJC_ARC = YES;
				CLANG_WARN_BOOL_CONVERSION = YES;
				CLANG_WARN_CONSTANT_CONVERSION = YES;
				CLANG_WARN_DIRECT_OBJC_ISA_USAGE = YES_ERROR;
				CLANG_WARN_EMPTY_BODY = YES;
				CLANG_WARN_ENUM_CONVERSION = YES;
				CLANG_WARN_INT_CONVERSION = YES;
				CLANG_WARN_OBJC_ROOT_CLASS = YES_ERROR;
				CLANG_WARN_UNREACHABLE_CODE = YES;
				CLANG_WARN__DUPLICATE_METHOD_MATCH = YES;
				"CODE_SIGN_IDENTITY[sdk=iphoneos*]" = "iPhone Developer";
				COPY_PHASE_STRIP = YES;
				ENABLE_NS_ASSERTIONS = NO;
				ENABLE_STRICT_OBJC_MSGSEND = YES;
				GCC_C_LANGUAGE_STANDARD = gnu99;
				GCC_WARN_64_TO_32_BIT_CONVERSION = YES;
				GCC_WARN_ABOUT_RETURN_TYPE = YES_ERROR;
				GCC_WARN_UNDECLARED_SELECTOR = YES;
				GCC_WARN_UNINITIALIZED_AUTOS = YES_AGGRESSIVE;
				GCC_WARN_UNUSED_FUNCTION = YES;
				GCC_WARN_UNUSED_VARIABLE = YES;
				IPHONEOS_DEPLOYMENT_TARGET = 8.1;
				MTL_ENABLE_DEBUG_INFO = NO;
				SDKROOT = iphoneos;
				TARGETED_DEVICE_FAMILY = "1,2";
				VALIDATE_PRODUCT = YES;
			};
			name = Release;
		};
		CC0E2AC21A9D76F00017A9E4 /* Debug */ = {
			isa = XCBuildConfiguration;
			buildSettings = {
				ASSETCATALOG_COMPILER_APPICON_NAME = AppIcon;
				FRAMEWORK_SEARCH_PATHS = (
					"$(inherited)",
					"$(PROJECT_DIR)",
				);
				INFOPLIST_FILE = FinalSketch/Info.plist;
				LD_RUNPATH_SEARCH_PATHS = "$(inherited) @executable_path/Frameworks";
				PRODUCT_NAME = "$(TARGET_NAME)";
			};
			name = Debug;
		};
		CC0E2AC31A9D76F00017A9E4 /* Release */ = {
			isa = XCBuildConfiguration;
			buildSettings = {
				ASSETCATALOG_COMPILER_APPICON_NAME = AppIcon;
				FRAMEWORK_SEARCH_PATHS = (
					"$(inherited)",
					"$(PROJECT_DIR)",
				);
				INFOPLIST_FILE = FinalSketch/Info.plist;
				LD_RUNPATH_SEARCH_PATHS = "$(inherited) @executable_path/Frameworks";
				PRODUCT_NAME = "$(TARGET_NAME)";
			};
			name = Release;
		};
		CC0E2AC51A9D76F00017A9E4 /* Debug */ = {
			isa = XCBuildConfiguration;
			buildSettings = {
				BUNDLE_LOADER = "$(TEST_HOST)";
				FRAMEWORK_SEARCH_PATHS = (
					"$(SDKROOT)/Developer/Library/Frameworks",
					"$(inherited)",
				);
				GCC_PREPROCESSOR_DEFINITIONS = (
					"DEBUG=1",
					"$(inherited)",
				);
				INFOPLIST_FILE = FinalSketchTests/Info.plist;
				LD_RUNPATH_SEARCH_PATHS = "$(inherited) @executable_path/Frameworks @loader_path/Frameworks";
				PRODUCT_NAME = "$(TARGET_NAME)";
				TEST_HOST = "$(BUILT_PRODUCTS_DIR)/FinalSketch.app/FinalSketch";
			};
			name = Debug;
		};
		CC0E2AC61A9D76F00017A9E4 /* Release */ = {
			isa = XCBuildConfiguration;
			buildSettings = {
				BUNDLE_LOADER = "$(TEST_HOST)";
				FRAMEWORK_SEARCH_PATHS = (
					"$(SDKROOT)/Developer/Library/Frameworks",
					"$(inherited)",
				);
				INFOPLIST_FILE = FinalSketchTests/Info.plist;
				LD_RUNPATH_SEARCH_PATHS = "$(inherited) @executable_path/Frameworks @loader_path/Frameworks";
				PRODUCT_NAME = "$(TARGET_NAME)";
				TEST_HOST = "$(BUILT_PRODUCTS_DIR)/FinalSketch.app/FinalSketch";
			};
			name = Release;
		};
/* End XCBuildConfiguration section */

/* Begin XCConfigurationList section */
		CC0E2A961A9D76F00017A9E4 /* Build configuration list for PBXProject "FinalSketch" */ = {
			isa = XCConfigurationList;
			buildConfigurations = (
				CC0E2ABF1A9D76F00017A9E4 /* Debug */,
				CC0E2AC01A9D76F00017A9E4 /* Release */,
			);
			defaultConfigurationIsVisible = 0;
			defaultConfigurationName = Release;
		};
		CC0E2AC11A9D76F00017A9E4 /* Build configuration list for PBXNativeTarget "FinalSketch" */ = {
			isa = XCConfigurationList;
			buildConfigurations = (
				CC0E2AC21A9D76F00017A9E4 /* Debug */,
				CC0E2AC31A9D76F00017A9E4 /* Release */,
			);
			defaultConfigurationIsVisible = 0;
			defaultConfigurationName = Release;
		};
		CC0E2AC41A9D76F00017A9E4 /* Build configuration list for PBXNativeTarget "FinalSketchTests" */ = {
			isa = XCConfigurationList;
			buildConfigurations = (
				CC0E2AC51A9D76F00017A9E4 /* Debug */,
				CC0E2AC61A9D76F00017A9E4 /* Release */,
			);
			defaultConfigurationIsVisible = 0;
			defaultConfigurationName = Release;
		};
/* End XCConfigurationList section */
	};
	rootObject = CC0E2A931A9D76F00017A9E4 /* Project object */;
}
